
Microsoft Visual Studio Solution File, Format Version 12.00
# Visual Studio Version 16
VisualStudioVersion = 16.0.30907.101
MinimumVisualStudioVersion = 10.0.40219.1
Project("{FAE04EC0-301F-11D3-BF4B-00C04F79EFBC}") = "Primer_Registro_Aplicada1", "Primer_Registro_Aplicada1\Primer_Registro_Aplicada1.csproj", "{068B3828-4C03-41D8-B521-498294B218BC}"
EndProject
Global
	GlobalSection(SolutionConfigurationPlatforms) = preSolution
		Debug|Any CPU = Debug|Any CPU
		Release|Any CPU = Release|Any CPU
	EndGlobalSection
	GlobalSection(ProjectConfigurationPlatforms) = postSolution
		{068B3828-4C03-41D8-B521-498294B218BC}.Debug|Any CPU.ActiveCfg = Debug|Any CPU
		{068B3828-4C03-41D8-B521-498294B218BC}.Debug|Any CPU.Build.0 = Debug|Any CPU
		{068B3828-4C03-41D8-B521-498294B218BC}.Release|Any CPU.ActiveCfg = Release|Any CPU
		{068B3828-4C03-41D8-B521-498294B218BC}.Release|Any CPU.Build.0 = Release|Any CPU
	EndGlobalSection
	GlobalSection(SolutionProperties) = preSolution
		HideSolutionNode = FALSE
	EndGlobalSection
	GlobalSection(ExtensibilityGlobals) = postSolution
		SolutionGuid = {95C803C0-5E45-4A1D-A702-834F7E385F9D}
	EndGlobalSection
EndGlobal
